
Microsoft Visual Studio Solution File, Format Version 12.00
# Visual Studio 2012
Project("{FAE04EC0-301F-11D3-BF4B-00C04F79EFBC}") = "Icapsulation", "Инкапсуляция\Icapsulation.csproj", "{4270C344-6536-4AC1-97EF-E6B9F519C6EC}"
EndProject
Global
	GlobalSection(SolutionConfigurationPlatforms) = preSolution
		Debug|Any CPU = Debug|Any CPU
		Release|Any CPU = Release|Any CPU
	EndGlobalSection
	GlobalSection(ProjectConfigurationPlatforms) = postSolution
		{4270C344-6536-4AC1-97EF-E6B9F519C6EC}.Debug|Any CPU.ActiveCfg = Debug|Any CPU
		{4270C344-6536-4AC1-97EF-E6B9F519C6EC}.Debug|Any CPU.Build.0 = Debug|Any CPU
		{4270C344-6536-4AC1-97EF-E6B9F519C6EC}.Release|Any CPU.ActiveCfg = Release|Any CPU
		{4270C344-6536-4AC1-97EF-E6B9F519C6EC}.Release|Any CPU.Build.0 = Release|Any CPU
	EndGlobalSection
	GlobalSection(SolutionProperties) = preSolution
		HideSolutionNode = FALSE
	EndGlobalSection
EndGlobal
